
Microsoft Visual Studio Solution File, Format Version 12.00
# Visual Studio Version 16
VisualStudioVersion = 16.0.31205.134
MinimumVisualStudioVersion = 10.0.40219.1
Project("{FAE04EC0-301F-11D3-BF4B-00C04F79EFBC}") = "FEESCTI-ASPNET", "FEESCTI-ASPNET\FEESCTI-ASPNET.csproj", "{193BB5DA-808C-4054-BA41-DA71244FDB6C}"
EndProject
Global
	GlobalSection(SolutionConfigurationPlatforms) = preSolution
		Debug|Any CPU = Debug|Any CPU
		Release|Any CPU = Release|Any CPU
	EndGlobalSection
	GlobalSection(ProjectConfigurationPlatforms) = postSolution
		{193BB5DA-808C-4054-BA41-DA71244FDB6C}.Debug|Any CPU.ActiveCfg = Debug|Any CPU
		{193BB5DA-808C-4054-BA41-DA71244FDB6C}.Debug|Any CPU.Build.0 = Debug|Any CPU
		{193BB5DA-808C-4054-BA41-DA71244FDB6C}.Release|Any CPU.ActiveCfg = Release|Any CPU
		{193BB5DA-808C-4054-BA41-DA71244FDB6C}.Release|Any CPU.Build.0 = Release|Any CPU
	EndGlobalSection
	GlobalSection(SolutionProperties) = preSolution
		HideSolutionNode = FALSE
	EndGlobalSection
	GlobalSection(ExtensibilityGlobals) = postSolution
		SolutionGuid = {74AB4465-C1C0-4CBD-AF0B-7FA0BD96DFE3}
	EndGlobalSection
EndGlobal
